// !$*UTF8*$!
{
	archiveVersion = 1;
	classes = {
	};
	objectVersion = 46;
	objects = {

/* Begin PBXBuildFile section */
		4DA0D825193DA5EB00E1E141 /* AppDelegate.swift in Sources */ = {isa = PBXBuildFile; fileRef = 4DA0D824193DA5EB00E1E141 /* AppDelegate.swift */; };
		4DA0D827193DA5EB00E1E141 /* ViewController.swift in Sources */ = {isa = PBXBuildFile; fileRef = 4DA0D826193DA5EB00E1E141 /* ViewController.swift */; };
		4DA0D82A193DA5EB00E1E141 /* Main.storyboard in Resources */ = {isa = PBXBuildFile; fileRef = 4DA0D828193DA5EB00E1E141 /* Main.storyboard */; };
		4DA0D82C193DA5EB00E1E141 /* Images.xcassets in Resources */ = {isa = PBXBuildFile; fileRef = 4DA0D82B193DA5EB00E1E141 /* Images.xcassets */; };
		4DA0D838193DA5EC00E1E141 /* first_swift_projectTests.swift in Sources */ = {isa = PBXBuildFile; fileRef = 4DA0D837193DA5EC00E1E141 /* first_swift_projectTests.swift */; };
/* End PBXBuildFile section */

/* Begin PBXContainerItemProxy section */
		4DA0D832193DA5EC00E1E141 /* PBXContainerItemProxy */ = {
			isa = PBXContainerItemProxy;
			containerPortal = 4DA0D817193DA5E900E1E141 /* Project object */;
			proxyType = 1;
			remoteGlobalIDString = 4DA0D81E193DA5E900E1E141;
			remoteInfo = "first-swift-project";
		};
/* End PBXContainerItemProxy section */

/* Begin PBXFileReference section */
		4DA0D81F193DA5E900E1E141 /* first-swift-project.app */ = {isa = PBXFileReference; explicitFileType = wrapper.application; includeInIndex = 0; path = "first-swift-project.app"; sourceTree = BUILT_PRODUCTS_DIR; };
		4DA0D823193DA5EB00E1E141 /* Info.plist */ = {isa = PBXFileReference; lastKnownFileType = text.plist.xml; path = Info.plist; sourceTree = "<group>"; };
		4DA0D824193DA5EB00E1E141 /* AppDelegate.swift */ = {isa = PBXFileReference; lastKnownFileType = sourcecode.swift; path = AppDelegate.swift; sourceTree = "<group>"; };
		4DA0D826193DA5EB00E1E141 /* ViewController.swift */ = {isa = PBXFileReference; lastKnownFileType = sourcecode.swift; path = ViewController.swift; sourceTree = "<group>"; };
		4DA0D829193DA5EB00E1E141 /* Base */ = {isa = PBXFileReference; lastKnownFileType = file.storyboard; name = Base; path = Base.lproj/Main.storyboard; sourceTree = "<group>"; };
		4DA0D82B193DA5EB00E1E141 /* Images.xcassets */ = {isa = PBXFileReference; lastKnownFileType = folder.assetcatalog; path = Images.xcassets; sourceTree = "<group>"; };
		4DA0D831193DA5EC00E1E141 /* first-swift-projectTests.xctest */ = {isa = PBXFileReference; explicitFileType = wrapper.cfbundle; includeInIndex = 0; path = "first-swift-projectTests.xctest"; sourceTree = BUILT_PRODUCTS_DIR; };
		4DA0D836193DA5EC00E1E141 /* Info.plist */ = {isa = PBXFileReference; lastKnownFileType = text.plist.xml; path = Info.plist; sourceTree = "<group>"; };
		4DA0D837193DA5EC00E1E141 /* first_swift_projectTests.swift */ = {isa = PBXFileReference; lastKnownFileType = sourcecode.swift; path = first_swift_projectTests.swift; sourceTree = "<group>"; };
/* End PBXFileReference section */

/* Begin PBXFrameworksBuildPhase section */
		4DA0D81C193DA5E900E1E141 /* Frameworks */ = {
			isa = PBXFrameworksBuildPhase;
			buildActionMask = 2147483647;
			files = (
			);
			runOnlyForDeploymentPostprocessing = 0;
		};
		4DA0D82E193DA5EC00E1E141 /* Frameworks */ = {
			isa = PBXFrameworksBuildPhase;
			buildActionMask = 2147483647;
			files = (
			);
			runOnlyForDeploymentPostprocessing = 0;
		};
/* End PBXFrameworksBuildPhase section */

/* Begin PBXGroup section */
		4DA0D816193DA5E900E1E141 = {
			isa = PBXGroup;
			children = (
				4DA0D821193DA5E900E1E141 /* first-swift-project */,
				4DA0D834193DA5EC00E1E141 /* first-swift-projectTests */,
				4DA0D820193DA5E900E1E141 /* Products */,
			);
			sourceTree = "<group>";
		};
		4DA0D820193DA5E900E1E141 /* Products */ = {
			isa = PBXGroup;
			children = (
				4DA0D81F193DA5E900E1E141 /* first-swift-project.app */,
				4DA0D831193DA5EC00E1E141 /* first-swift-projectTests.xctest */,
			);
			name = Products;
			sourceTree = "<group>";
		};
		4DA0D821193DA5E900E1E141 /* first-swift-project */ = {
			isa = PBXGroup;
			children = (
				4DA0D824193DA5EB00E1E141 /* AppDelegate.swift */,
				4DA0D826193DA5EB00E1E141 /* ViewController.swift */,
				4DA0D828193DA5EB00E1E141 /* Main.storyboard */,
				4DA0D82B193DA5EB00E1E141 /* Images.xcassets */,
				4DA0D822193DA5EA00E1E141 /* Supporting Files */,
			);
			path = "first-swift-project";
			sourceTree = "<group>";
		};
		4DA0D822193DA5EA00E1E141 /* Supporting Files */ = {
			isa = PBXGroup;
			children = (
				4DA0D823193DA5EB00E1E141 /* Info.plist */,
			);
			name = "Supporting Files";
			sourceTree = "<group>";
		};
		4DA0D834193DA5EC00E1E141 /* first-swift-projectTests */ = {
			isa = PBXGroup;
			children = (
				4DA0D837193DA5EC00E1E141 /* first_swift_projectTests.swift */,
				4DA0D835193DA5EC00E1E141 /* Supporting Files */,
			);
			path = "first-swift-projectTests";
			sourceTree = "<group>";
		};
		4DA0D835193DA5EC00E1E141 /* Supporting Files */ = {
			isa = PBXGroup;
			children = (
				4DA0D836193DA5EC00E1E141 /* Info.plist */,
			);
			name = "Supporting Files";
			sourceTree = "<group>";
		};
/* End PBXGroup section */

/* Begin PBXNativeTarget section */
		4DA0D81E193DA5E900E1E141 /* first-swift-project */ = {
			isa = PBXNativeTarget;
			buildConfigurationList = 4DA0D83B193DA5EC00E1E141 /* Build configuration list for PBXNativeTarget "first-swift-project" */;
			buildPhases = (
				4DA0D81B193DA5E900E1E141 /* Sources */,
				4DA0D81C193DA5E900E1E141 /* Frameworks */,
				4DA0D81D193DA5E900E1E141 /* Resources */,
			);
			buildRules = (
			);
			dependencies = (
			);
			name = "first-swift-project";
			productName = "first-swift-project";
			productReference = 4DA0D81F193DA5E900E1E141 /* first-swift-project.app */;
			productType = "com.apple.product-type.application";
		};
		4DA0D830193DA5EC00E1E141 /* first-swift-projectTests */ = {
			isa = PBXNativeTarget;
			buildConfigurationList = 4DA0D83E193DA5EC00E1E141 /* Build configuration list for PBXNativeTarget "first-swift-projectTests" */;
			buildPhases = (
				4DA0D82D193DA5EC00E1E141 /* Sources */,
				4DA0D82E193DA5EC00E1E141 /* Frameworks */,
				4DA0D82F193DA5EC00E1E141 /* Resources */,
			);
			buildRules = (
			);
			dependencies = (
				4DA0D833193DA5EC00E1E141 /* PBXTargetDependency */,
			);
			name = "first-swift-projectTests";
			productName = "first-swift-projectTests";
			productReference = 4DA0D831193DA5EC00E1E141 /* first-swift-projectTests.xctest */;
			productType = "com.apple.product-type.bundle.unit-test";
		};
/* End PBXNativeTarget section */

/* Begin PBXProject section */
		4DA0D817193DA5E900E1E141 /* Project object */ = {
			isa = PBXProject;
			attributes = {
				LastUpgradeCheck = 0600;
				ORGANIZATIONNAME = MaxWoolf;
				TargetAttributes = {
					4DA0D81E193DA5E900E1E141 = {
						CreatedOnToolsVersion = 6.0;
					};
					4DA0D830193DA5EC00E1E141 = {
						CreatedOnToolsVersion = 6.0;
						TestTargetID = 4DA0D81E193DA5E900E1E141;
					};
				};
			};
			buildConfigurationList = 4DA0D81A193DA5E900E1E141 /* Build configuration list for PBXProject "first-swift-project" */;
			compatibilityVersion = "Xcode 3.2";
			developmentRegion = English;
			hasScannedForEncodings = 0;
			knownRegions = (
				en,
				Base,
			);
			mainGroup = 4DA0D816193DA5E900E1E141;
			productRefGroup = 4DA0D820193DA5E900E1E141 /* Products */;
			projectDirPath = "";
			projectRoot = "";
			targets = (
				4DA0D81E193DA5E900E1E141 /* first-swift-project */,
				4DA0D830193DA5EC00E1E141 /* first-swift-projectTests */,
			);
		};
/* End PBXProject section */

/* Begin PBXResourcesBuildPhase section */
		4DA0D81D193DA5E900E1E141 /* Resources */ = {
			isa = PBXResourcesBuildPhase;
			buildActionMask = 2147483647;
			files = (
				4DA0D82A193DA5EB00E1E141 /* Main.storyboard in Resources */,
				4DA0D82C193DA5EB00E1E141 /* Images.xcassets in Resources */,
			);
			runOnlyForDeploymentPostprocessing = 0;
		};
		4DA0D82F193DA5EC00E1E141 /* Resources */ = {
			isa = PBXResourcesBuildPhase;
			buildActionMask = 2147483647;
			files = (
			);
			runOnlyForDeploymentPostprocessing = 0;
		};
/* End PBXResourcesBuildPhase section */

/* Begin PBXSourcesBuildPhase section */
		4DA0D81B193DA5E900E1E141 /* Sources */ = {
			isa = PBXSourcesBuildPhase;
			buildActionMask = 2147483647;
			files = (
				4DA0D827193DA5EB00E1E141 /* ViewController.swift in Sources */,
				4DA0D825193DA5EB00E1E141 /* AppDelegate.swift in Sources */,
			);
			runOnlyForDeploymentPostprocessing = 0;
		};
		4DA0D82D193DA5EC00E1E141 /* Sources */ = {
			isa = PBXSourcesBuildPhase;
			buildActionMask = 2147483647;
			files = (
				4DA0D838193DA5EC00E1E141 /* first_swift_projectTests.swift in Sources */,
			);
			runOnlyForDeploymentPostprocessing = 0;
		};
/* End PBXSourcesBuildPhase section */

/* Begin PBXTargetDependency section */
		4DA0D833193DA5EC00E1E141 /* PBXTargetDependency */ = {
			isa = PBXTargetDependency;
			target = 4DA0D81E193DA5E900E1E141 /* first-swift-project */;
			targetProxy = 4DA0D832193DA5EC00E1E141 /* PBXContainerItemProxy */;
		};
/* End PBXTargetDependency section */

/* Begin PBXVariantGroup section */
		4DA0D828193DA5EB00E1E141 /* Main.storyboard */ = {
			isa = PBXVariantGroup;
			children = (
				4DA0D829193DA5EB00E1E141 /* Base */,
			);
			name = Main.storyboard;
			sourceTree = "<group>";
		};
/* End PBXVariantGroup section */

/* Begin XCBuildConfiguration section */
		4DA0D839193DA5EC00E1E141 /* Debug */ = {
			isa = XCBuildConfiguration;
			buildSettings = {
				ALWAYS_SEARCH_USER_PATHS = NO;
				CLANG_CXX_LANGUAGE_STANDARD = "gnu++0x";
				CLANG_CXX_LIBRARY = "libc++";
				CLANG_ENABLE_MODULES = YES;
				CLANG_ENABLE_OBJC_ARC = YES;
				CLANG_WARN_BOOL_CONVERSION = YES;
				CLANG_WARN_CONSTANT_CONVERSION = YES;
				CLANG_WARN_DIRECT_OBJC_ISA_USAGE = YES_ERROR;
				CLANG_WARN_EMPTY_BODY = YES;
				CLANG_WARN_ENUM_CONVERSION = YES;
				CLANG_WARN_INT_CONVERSION = YES;
				CLANG_WARN_OBJC_ROOT_CLASS = YES_ERROR;
				CLANG_WARN_UNREACHABLE_CODE = YES;
				CLANG_WARN__DUPLICATE_METHOD_MATCH = YES;
				"CODE_SIGN_IDENTITY[sdk=iphoneos*]" = "iPhone Developer";
				COPY_PHASE_STRIP = NO;
				ENABLE_STRICT_OBJC_MSGSEND = YES;
				GCC_C_LANGUAGE_STANDARD = gnu99;
				GCC_DYNAMIC_NO_PIC = NO;
				GCC_OPTIMIZATION_LEVEL = 0;
				GCC_PREPROCESSOR_DEFINITIONS = (
					"DEBUG=1",
					"$(inherited)",
				);
				GCC_SYMBOLS_PRIVATE_EXTERN = NO;
				GCC_WARN_64_TO_32_BIT_CONVERSION = YES;
				GCC_WARN_ABOUT_RETURN_TYPE = YES_ERROR;
				GCC_WARN_UNDECLARED_SELECTOR = YES;
				GCC_WARN_UNINITIALIZED_AUTOS = YES_AGGRESSIVE;
				GCC_WARN_UNUSED_FUNCTION = YES;
				GCC_WARN_UNUSED_VARIABLE = YES;
				IPHONEOS_DEPLOYMENT_TARGET = 8.0;
				METAL_ENABLE_DEBUG_INFO = YES;
				ONLY_ACTIVE_ARCH = YES;
				SDKROOT = iphoneos;
				SWIFT_OPTIMIZATION_LEVEL = "-Onone";
			};
			name = Debug;
		};
		4DA0D83A193DA5EC00E1E141 /* Release */ = {
			isa = XCBuildConfiguration;
			buildSettings = {
				ALWAYS_SEARCH_USER_PATHS = NO;
				CLANG_CXX_LANGUAGE_STANDARD = "gnu++0x";
				CLANG_CXX_LIBRARY = "libc++";
				CLANG_ENABLE_MODULES = YES;
				CLANG_ENABLE_OBJC_ARC = YES;
				CLANG_WARN_BOOL_CONVERSION = YES;
				CLANG_WARN_CONSTANT_CONVERSION = YES;
				CLANG_WARN_DIRECT_OBJC_ISA_USAGE = YES_ERROR;
				CLANG_WARN_EMPTY_BODY = YES;
				CLANG_WARN_ENUM_CONVERSION = YES;
				CLANG_WARN_INT_CONVERSION = YES;
				CLANG_WARN_OBJC_ROOT_CLASS = YES_ERROR;
				CLANG_WARN_UNREACHABLE_CODE = YES;
				CLANG_WARN__DUPLICATE_METHOD_MATCH = YES;
				"CODE_SIGN_IDENTITY[sdk=iphoneos*]" = "iPhone Developer";
				COPY_PHASE_STRIP = YES;
				ENABLE_NS_ASSERTIONS = NO;
				ENABLE_STRICT_OBJC_MSGSEND = YES;
				GCC_C_LANGUAGE_STANDARD = gnu99;
				GCC_WARN_64_TO_32_BIT_CONVERSION = YES;
				GCC_WARN_ABOUT_RETURN_TYPE = YES_ERROR;
				GCC_WARN_UNDECLARED_SELECTOR = YES;
				GCC_WARN_UNINITIALIZED_AUTOS = YES_AGGRESSIVE;
				GCC_WARN_UNUSED_FUNCTION = YES;
				GCC_WARN_UNUSED_VARIABLE = YES;
				IPHONEOS_DEPLOYMENT_TARGET = 8.0;
				METAL_ENABLE_DEBUG_INFO = NO;
				SDKROOT = iphoneos;
				VALIDATE_PRODUCT = YES;
			};
			name = Release;
		};
		4DA0D83C193DA5EC00E1E141 /* Debug */ = {
			isa = XCBuildConfiguration;
			buildSettings = {
				ASSETCATALOG_COMPILER_APPICON_NAME = AppIcon;
				ASSETCATALOG_COMPILER_LAUNCHIMAGE_NAME = LaunchImage;
				INFOPLIST_FILE = "first-swift-project/Info.plist";
				LD_RUNPATH_SEARCH_PATHS = "$(inherited) @executable_path/Frameworks";
				PRODUCT_NAME = "$(TARGET_NAME)";
			};
			name = Debug;
		};
		4DA0D83D193DA5EC00E1E141 /* Release */ = {
			isa = XCBuildConfiguration;
			buildSettings = {
				ASSETCATALOG_COMPILER_APPICON_NAME = AppIcon;
				ASSETCATALOG_COMPILER_LAUNCHIMAGE_NAME = LaunchImage;
				INFOPLIST_FILE = "first-swift-project/Info.plist";
				LD_RUNPATH_SEARCH_PATHS = "$(inherited) @executable_path/Frameworks";
				PRODUCT_NAME = "$(TARGET_NAME)";
			};
			name = Release;
		};
		4DA0D83F193DA5EC00E1E141 /* Debug */ = {
			isa = XCBuildConfiguration;
			buildSettings = {
				BUNDLE_LOADER = "$(BUILT_PRODUCTS_DIR)/first-swift-project.app/first-swift-project";
				FRAMEWORK_SEARCH_PATHS = (
					"$(SDKROOT)/Developer/Library/Frameworks",
					"$(inherited)",
				);
				GCC_PREPROCESSOR_DEFINITIONS = (
					"DEBUG=1",
					"$(inherited)",
				);
				INFOPLIST_FILE = "first-swift-projectTests/Info.plist";
				LD_RUNPATH_SEARCH_PATHS = "$(inherited) @executable_path/Frameworks @loader_path/Frameworks";
				METAL_ENABLE_DEBUG_INFO = YES;
				PRODUCT_NAME = "$(TARGET_NAME)";
				TEST_HOST = "$(BUNDLE_LOADER)";
			};
			name = Debug;
		};
		4DA0D840193DA5EC00E1E141 /* Release */ = {
			isa = XCBuildConfiguration;
			buildSettings = {
				BUNDLE_LOADER = "$(BUILT_PRODUCTS_DIR)/first-swift-project.app/first-swift-project";
				FRAMEWORK_SEARCH_PATHS = (
					"$(SDKROOT)/Developer/Library/Frameworks",
					"$(inherited)",
				);
				INFOPLIST_FILE = "first-swift-projectTests/Info.plist";
				LD_RUNPATH_SEARCH_PATHS = "$(inherited) @executable_path/Frameworks @loader_path/Frameworks";
				METAL_ENABLE_DEBUG_INFO = NO;
				PRODUCT_NAME = "$(TARGET_NAME)";
				TEST_HOST = "$(BUNDLE_LOADER)";
			};
			name = Release;
		};
/* End XCBuildConfiguration section */

/* Begin XCConfigurationList section */
		4DA0D81A193DA5E900E1E141 /* Build configuration list for PBXProject "first-swift-project" */ = {
			isa = XCConfigurationList;
			buildConfigurations = (
				4DA0D839193DA5EC00E1E141 /* Debug */,
				4DA0D83A193DA5EC00E1E141 /* Release */,
			);
			defaultConfigurationIsVisible = 0;
			defaultConfigurationName = Release;
		};
		4DA0D83B193DA5EC00E1E141 /* Build configuration list for PBXNativeTarget "first-swift-project" */ = {
			isa = XCConfigurationList;
			buildConfigurations = (
				4DA0D83C193DA5EC00E1E141 /* Debug */,
				4DA0D83D193DA5EC00E1E141 /* Release */,
			);
			defaultConfigurationIsVisible = 0;
		};
		4DA0D83E193DA5EC00E1E141 /* Build configuration list for PBXNativeTarget "first-swift-projectTests" */ = {
			isa = XCConfigurationList;
			buildConfigurations = (
				4DA0D83F193DA5EC00E1E141 /* Debug */,
				4DA0D840193DA5EC00E1E141 /* Release */,
			);
			defaultConfigurationIsVisible = 0;
		};
/* End XCConfigurationList section */
	};
	rootObject = 4DA0D817193DA5E900E1E141 /* Project object */;
}
